
Microsoft Visual Studio Solution File, Format Version 12.00
# Visual Studio Version 17
VisualStudioVersion = 17.4.33110.190
MinimumVisualStudioVersion = 10.0.40219.1
Project("{FAE04EC0-301F-11D3-BF4B-00C04F79EFBC}") = "Inventory", "Inventory\Inventory.csproj", "{2A347C6C-7D8A-46EC-8379-3C67E5FCD30B}"
EndProject
Global
	GlobalSection(SolutionConfigurationPlatforms) = preSolution
		Debug|Any CPU = Debug|Any CPU
		Release|Any CPU = Release|Any CPU
	EndGlobalSection
	GlobalSection(ProjectConfigurationPlatforms) = postSolution
		{2A347C6C-7D8A-46EC-8379-3C67E5FCD30B}.Debug|Any CPU.ActiveCfg = Debug|Any CPU
		{2A347C6C-7D8A-46EC-8379-3C67E5FCD30B}.Debug|Any CPU.Build.0 = Debug|Any CPU
		{2A347C6C-7D8A-46EC-8379-3C67E5FCD30B}.Release|Any CPU.ActiveCfg = Release|Any CPU
		{2A347C6C-7D8A-46EC-8379-3C67E5FCD30B}.Release|Any CPU.Build.0 = Release|Any CPU
	EndGlobalSection
	GlobalSection(SolutionProperties) = preSolution
		HideSolutionNode = FALSE
	EndGlobalSection
	GlobalSection(ExtensibilityGlobals) = postSolution
		SolutionGuid = {7123371C-1DCA-4D75-ADFE-D303AFF91A67}
	EndGlobalSection
EndGlobal
